version = 1
revision = 2
requires-python = ">=3.12"

[[package]]
name = "astroid"
version = "3.3.10"
source = { registry = "https://pypi.org/simple" }
sdist = { url = "https://files.pythonhosted.org/packages/00/c2/9b2de9ed027f9fe5734a6c0c0a601289d796b3caaf1e372e23fa88a73047/astroid-3.3.10.tar.gz", hash = "sha256:c332157953060c6deb9caa57303ae0d20b0fbdb2e59b4a4f2a6ba49d0a7961ce", size = 398941, upload-time = "2025-05-10T13:33:10.405Z" }
wheels = [
    { url = "https://files.pythonhosted.org/packages/15/58/5260205b9968c20b6457ed82f48f9e3d6edf2f1f95103161798b73aeccf0/astroid-3.3.10-py3-none-any.whl", hash = "sha256:104fb9cb9b27ea95e847a94c003be03a9e039334a8ebca5ee27dafaf5c5711eb", size = 275388, upload-time = "2025-05-10T13:33:08.391Z" },
]

[[package]]
name = "asyncpg"
version = "0.30.0"
source = { registry = "https://pypi.org/simple" }
sdist = { url = "https://files.pythonhosted.org/packages/2f/4c/7c991e080e106d854809030d8584e15b2e996e26f16aee6d757e387bc17d/asyncpg-0.30.0.tar.gz", hash = "sha256:c551e9928ab6707602f44811817f82ba3c446e018bfe1d3abecc8ba5f3eac851", size = 957746, upload-time = "2024-10-20T00:30:41.127Z" }
wheels = [
    { url = "https://files.pythonhosted.org/packages/4b/64/9d3e887bb7b01535fdbc45fbd5f0a8447539833b97ee69ecdbb7a79d0cb4/asyncpg-0.30.0-cp312-cp312-macosx_10_13_x86_64.whl", hash = "sha256:c902a60b52e506d38d7e80e0dd5399f657220f24635fee368117b8b5fce1142e", size = 673162, upload-time = "2024-10-20T00:29:41.88Z" },
    { url = "https://files.pythonhosted.org/packages/6e/eb/8b236663f06984f212a087b3e849731f917ab80f84450e943900e8ca4052/asyncpg-0.30.0-cp312-cp312-macosx_11_0_arm64.whl", hash = "sha256:aca1548e43bbb9f0f627a04666fedaca23db0a31a84136ad1f868cb15deb6e3a", size = 637025, upload-time = "2024-10-20T00:29:43.352Z" },
    { url = "https://files.pythonhosted.org/packages/cc/57/2dc240bb263d58786cfaa60920779af6e8d32da63ab9ffc09f8312bd7a14/asyncpg-0.30.0-cp312-cp312-manylinux_2_17_aarch64.manylinux2014_aarch64.whl", hash = "sha256:6c2a2ef565400234a633da0eafdce27e843836256d40705d83ab7ec42074efb3", size = 3496243, upload-time = "2024-10-20T00:29:44.922Z" },
    { url = "https://files.pythonhosted.org/packages/f4/40/0ae9d061d278b10713ea9021ef6b703ec44698fe32178715a501ac696c6b/asyncpg-0.30.0-cp312-cp312-manylinux_2_17_x86_64.manylinux2014_x86_64.whl", hash = "sha256:1292b84ee06ac8a2ad8e51c7475aa309245874b61333d97411aab835c4a2f737", size = 3575059, upload-time = "2024-10-20T00:29:46.891Z" },
    { url = "https://files.pythonhosted.org/packages/c3/75/d6b895a35a2c6506952247640178e5f768eeb28b2e20299b6a6f1d743ba0/asyncpg-0.30.0-cp312-cp312-musllinux_1_2_aarch64.whl", hash = "sha256:0f5712350388d0cd0615caec629ad53c81e506b1abaaf8d14c93f54b35e3595a", size = 3473596, upload-time = "2024-10-20T00:29:49.201Z" },
    { url = "https://files.pythonhosted.org/packages/c8/e7/3693392d3e168ab0aebb2d361431375bd22ffc7b4a586a0fc060d519fae7/asyncpg-0.30.0-cp312-cp312-musllinux_1_2_x86_64.whl", hash = "sha256:db9891e2d76e6f425746c5d2da01921e9a16b5a71a1c905b13f30e12a257c4af", size = 3641632, upload-time = "2024-10-20T00:29:50.768Z" },
    { url = "https://files.pythonhosted.org/packages/32/ea/15670cea95745bba3f0352341db55f506a820b21c619ee66b7d12ea7867d/asyncpg-0.30.0-cp312-cp312-win32.whl", hash = "sha256:68d71a1be3d83d0570049cd1654a9bdfe506e794ecc98ad0873304a9f35e411e", size = 560186, upload-time = "2024-10-20T00:29:52.394Z" },
    { url = "https://files.pythonhosted.org/packages/7e/6b/fe1fad5cee79ca5f5c27aed7bd95baee529c1bf8a387435c8ba4fe53d5c1/asyncpg-0.30.0-cp312-cp312-win_amd64.whl", hash = "sha256:9a0292c6af5c500523949155ec17b7fe01a00ace33b68a476d6b5059f9630305", size = 621064, upload-time = "2024-10-20T00:29:53.757Z" },
    { url = "https://files.pythonhosted.org/packages/3a/22/e20602e1218dc07692acf70d5b902be820168d6282e69ef0d3cb920dc36f/asyncpg-0.30.0-cp313-cp313-macosx_10_13_x86_64.whl", hash = "sha256:05b185ebb8083c8568ea8a40e896d5f7af4b8554b64d7719c0eaa1eb5a5c3a70", size = 670373, upload-time = "2024-10-20T00:29:55.165Z" },
    { url = "https://files.pythonhosted.org/packages/3d/b3/0cf269a9d647852a95c06eb00b815d0b95a4eb4b55aa2d6ba680971733b9/asyncpg-0.30.0-cp313-cp313-macosx_11_0_arm64.whl", hash = "sha256:c47806b1a8cbb0a0db896f4cd34d89942effe353a5035c62734ab13b9f938da3", size = 634745, upload-time = "2024-10-20T00:29:57.14Z" },
    { url = "https://files.pythonhosted.org/packages/8e/6d/a4f31bf358ce8491d2a31bfe0d7bcf25269e80481e49de4d8616c4295a34/asyncpg-0.30.0-cp313-cp313-manylinux_2_17_aarch64.manylinux2014_aarch64.whl", hash = "sha256:9b6fde867a74e8c76c71e2f64f80c64c0f3163e687f1763cfaf21633ec24ec33", size = 3512103, upload-time = "2024-10-20T00:29:58.499Z" },
    { url = "https://files.pythonhosted.org/packages/96/19/139227a6e67f407b9c386cb594d9628c6c78c9024f26df87c912fabd4368/asyncpg-0.30.0-cp313-cp313-manylinux_2_17_x86_64.manylinux2014_x86_64.whl", hash = "sha256:46973045b567972128a27d40001124fbc821c87a6cade040cfcd4fa8a30bcdc4", size = 3592471, upload-time = "2024-10-20T00:30:00.354Z" },
    { url = "https://files.pythonhosted.org/packages/67/e4/ab3ca38f628f53f0fd28d3ff20edff1c975dd1cb22482e0061916b4b9a74/asyncpg-0.30.0-cp313-cp313-musllinux_1_2_aarch64.whl", hash = "sha256:9110df111cabc2ed81aad2f35394a00cadf4f2e0635603db6ebbd0fc896f46a4", size = 3496253, upload-time = "2024-10-20T00:30:02.794Z" },
    { url = "https://files.pythonhosted.org/packages/ef/5f/0bf65511d4eeac3a1f41c54034a492515a707c6edbc642174ae79034d3ba/asyncpg-0.30.0-cp313-cp313-musllinux_1_2_x86_64.whl", hash = "sha256:04ff0785ae7eed6cc138e73fc67b8e51d54ee7a3ce9b63666ce55a0bf095f7ba", size = 3662720, upload-time = "2024-10-20T00:30:04.501Z" },
    { url = "https://files.pythonhosted.org/packages/e7/31/1513d5a6412b98052c3ed9158d783b1e09d0910f51fbe0e05f56cc370bc4/asyncpg-0.30.0-cp313-cp313-win32.whl", hash = "sha256:ae374585f51c2b444510cdf3595b97ece4f233fde739aa14b50e0d64e8a7a590", size = 560404, upload-time = "2024-10-20T00:30:06.537Z" },
    { url = "https://files.pythonhosted.org/packages/c8/a4/cec76b3389c4c5ff66301cd100fe88c318563ec8a520e0b2e792b5b84972/asyncpg-0.30.0-cp313-cp313-win_amd64.whl", hash = "sha256:f59b430b8e27557c3fb9869222559f7417ced18688375825f8f12302c34e915e", size = 621623, upload-time = "2024-10-20T00:30:09.024Z" },
]

[[package]]
name = "click"
version = "8.2.1"
source = { registry = "https://pypi.org/simple" }
dependencies = [
    { name = "colorama", marker = "sys_platform == 'win32'" },
]
sdist = { url = "https://files.pythonhosted.org/packages/60/6c/8ca2efa64cf75a977a0d7fac081354553ebe483345c734fb6b6515d96bbc/click-8.2.1.tar.gz", hash = "sha256:27c491cc05d968d271d5a1db13e3b5a184636d9d930f148c50b038f0d0646202", size = 286342, upload-time = "2025-05-20T23:19:49.832Z" }
wheels = [
    { url = "https://files.pythonhosted.org/packages/85/32/10bb5764d90a8eee674e9dc6f4db6a0ab47c8c4d0d83c27f7c39ac415a4d/click-8.2.1-py3-none-any.whl", hash = "sha256:61a3265b914e850b85317d0b3109c7f8cd35a670f963866005d6ef1d5175a12b", size = 102215, upload-time = "2025-05-20T23:19:47.796Z" },
]

[[package]]
name = "colorama"
version = "0.4.6"
source = { registry = "https://pypi.org/simple" }
sdist = { url = "https://files.pythonhosted.org/packages/d8/53/6f443c9a4a8358a93a6792e2acffb9d9d5cb0a5cfd8802644b7b1c9a02e4/colorama-0.4.6.tar.gz", hash = "sha256:08695f5cb7ed6e0531a20572697297273c47b8cae5a63ffc6d6ed5c201be6e44", size = 27697, upload-time = "2022-10-25T02:36:22.414Z" }
wheels = [
    { url = "https://files.pythonhosted.org/packages/d1/d6/3965ed04c63042e047cb6a3e6ed1a63a35087b6a609aa3a15ed8ac56c221/colorama-0.4.6-py2.py3-none-any.whl", hash = "sha256:4f1d9991f5acc0ca119f9d443620b77f9d6b33703e51011c16baf57afb285fc6", size = 25335, upload-time = "2022-10-25T02:36:20.889Z" },
]

[[package]]
name = "db-report"
version = "0.1.0"
source = { editable = "." }

[package.dev-dependencies]
dev = [
    { name = "pylint" },
    { name = "ruff" },
]
prod = [
    { name = "asyncpg" },
    { name = "dependency-injector" },
    { name = "falcon" },
    { name = "sqlalchemy", extra = ["asyncio"] },
    { name = "uvicorn" },
]

[package.metadata]

[package.metadata.requires-dev]
dev = [
    { name = "pylint", specifier = ">=3.3.7" },
    { name = "ruff", specifier = ">=0.12.1" },
]
prod = [
    { name = "asyncpg", specifier = ">=0.30.0,<0.31" },
    { name = "dependency-injector", specifier = ">=4.48.1,<5" },
    { name = "falcon", specifier = ">=4.0.2,<5" },
    { name = "sqlalchemy", extras = ["asyncio"], specifier = ">=2.0.41,<3" },
    { name = "uvicorn", specifier = ">=0.35.0,<0.36" },
]

[[package]]
name = "dependency-injector"
version = "4.48.1"
source = { registry = "https://pypi.org/simple" }
sdist = { url = "https://files.pythonhosted.org/packages/26/7c/5062c4a7ffd32bf210ff55fab9d279a5beeae350fb09533d3536811e13b6/dependency_injector-4.48.1.tar.gz", hash = "sha256:1805185e4522effad6d5e348c255d27e80d3f8adc89701daf13d743367392978", size = 1100885, upload-time = "2025-06-20T10:21:52.248Z" }
wheels = [
    { url = "https://files.pythonhosted.org/packages/92/f9/c9b77652f724aece8856e281f7a71e5af544049b3c068df70c68868e43be/dependency_injector-4.48.1-cp38-abi3-macosx_11_0_arm64.whl", hash = "sha256:a6f73011d532f3ea59689aad85c7999be6da3f30393041a745d5861cdcdc02e4", size = 1631637, upload-time = "2025-06-20T10:21:24.729Z" },
    { url = "https://files.pythonhosted.org/packages/ea/f0/d91c9cdabb1f2354762aca588757d1aa341f3cbccbc8636dd2c06acac10b/dependency_injector-4.48.1-cp38-abi3-manylinux1_x86_64.manylinux_2_28_x86_64.manylinux_2_5_x86_64.whl", hash = "sha256:ac09f508fa9aee06a036ebf3e3d3b2a210276aba1993e9993cec7f1fdc5fd89e", size = 1855944, upload-time = "2025-06-20T10:21:26.753Z" },
    { url = "https://files.pythonhosted.org/packages/57/ee/d69c4758a12653edbe6ee15c0bf4195981c9820650a1cfa762cbb838485b/dependency_injector-4.48.1-cp38-abi3-manylinux2014_aarch64.manylinux_2_17_aarch64.manylinux_2_28_aarch64.whl", hash = "sha256:1b05a4a980096b53ad90a87965c5450183bfbb8bbe36615d7cea97537086d622", size = 1811989, upload-time = "2025-06-20T10:21:28.293Z" },
    { url = "https://files.pythonhosted.org/packages/cf/6d/d2a257402c8c3f7a9c61f1b8a0482ec4373f1ef7fdfe784a91e883506e3b/dependency_injector-4.48.1-cp38-abi3-musllinux_1_2_aarch64.whl", hash = "sha256:0506e98440ee6c48fe660016d602961b1b3ecc0a8227838a2221048ed11e2fca", size = 1826408, upload-time = "2025-06-20T10:21:29.789Z" },
    { url = "https://files.pythonhosted.org/packages/65/f9/2a408d460eedb264f7ea919754c526c8f3a18c026496cacb7dd6960766d2/dependency_injector-4.48.1-cp38-abi3-musllinux_1_2_x86_64.whl", hash = "sha256:1994622eae8917138626303b176cba4c74e625ba1e588cb09d673ca175d299a2", size = 1863948, upload-time = "2025-06-20T10:21:31.951Z" },
    { url = "https://files.pythonhosted.org/packages/6e/8a/2edaef77e725dd8b1a625c84cbccb0f445afe58277c7b243cbf58784826a/dependency_injector-4.48.1-cp38-abi3-win32.whl", hash = "sha256:58d4d81f92e3267c331f160cbbb517fd7644b95ee57a0d6e4b01f53a7e437a4a", size = 1516768, upload-time = "2025-06-20T10:21:33.747Z" },
    { url = "https://files.pythonhosted.org/packages/8c/41/4bf523af7e1b7f367499f8b8709e0e807e9a14c7d1674b0442d7f84403c8/dependency_injector-4.48.1-cp38-abi3-win_amd64.whl", hash = "sha256:572b22b7db9b103718ea52634b5ca1ef763278338310254334f4633a57c9f0e7", size = 1639850, upload-time = "2025-06-20T10:21:35.639Z" },
]

[[package]]
name = "dill"
version = "0.4.0"
source = { registry = "https://pypi.org/simple" }
sdist = { url = "https://files.pythonhosted.org/packages/12/80/630b4b88364e9a8c8c5797f4602d0f76ef820909ee32f0bacb9f90654042/dill-0.4.0.tar.gz", hash = "sha256:0633f1d2df477324f53a895b02c901fb961bdbf65a17122586ea7019292cbcf0", size = 186976, upload-time = "2025-04-16T00:41:48.867Z" }
wheels = [
    { url = "https://files.pythonhosted.org/packages/50/3d/9373ad9c56321fdab5b41197068e1d8c25883b3fea29dd361f9b55116869/dill-0.4.0-py3-none-any.whl", hash = "sha256:44f54bf6412c2c8464c14e8243eb163690a9800dbe2c367330883b19c7561049", size = 119668, upload-time = "2025-04-16T00:41:47.671Z" },
]

[[package]]
name = "falcon"
version = "4.0.2"
source = { registry = "https://pypi.org/simple" }
sdist = { url = "https://files.pythonhosted.org/packages/37/4f/d317952294dee1982cd930c8ee2b8b7fbf04140473882801061b3346c713/falcon-4.0.2.tar.gz", hash = "sha256:58f4b9c9da4c9b1e2c9f396ad7ef897701b3c7c7c87227f0bd1aee40c7fbc525", size = 630121, upload-time = "2024-11-06T19:21:20.751Z" }
wheels = [
    { url = "https://files.pythonhosted.org/packages/67/db/0b78b7ee3fe7e370ed430b7deabfa524b57a5b9eb32622ce1f1bb7aacf0d/falcon-4.0.2-cp312-cp312-macosx_10_13_x86_64.whl", hash = "sha256:23b0419a9a025745734022aaa2e65447595e539ba27352b3f59d86b288f614db", size = 2294078, upload-time = "2024-11-06T19:50:22.03Z" },
    { url = "https://files.pythonhosted.org/packages/63/01/77b5b0214bc4ca717b6c6cbe8c3adaba653a7312c9c51a9b390f66efbce0/falcon-4.0.2-cp312-cp312-macosx_11_0_arm64.whl", hash = "sha256:524d7b75f7368fe82e94ed16370db5a27bb4b2d066470cba53f02304264447e8", size = 2186007, upload-time = "2024-11-06T19:50:23.876Z" },
    { url = "https://files.pythonhosted.org/packages/1d/0c/44abd34e38b88f15c5a7030f48ec079669218af3162de2bd1925e13a46a5/falcon-4.0.2-cp312-cp312-manylinux_2_17_aarch64.manylinux2014_aarch64.whl", hash = "sha256:2c6b1d7451d5dee4be9b67a75e2a4a0b024dccffedd4e7c7a09513733b5a11db", size = 11644341, upload-time = "2024-11-06T19:50:26.429Z" },
    { url = "https://files.pythonhosted.org/packages/5e/f3/0260f70dd080d23372e2ff0e330ca37897ab5e1b4890df281558bda8e34a/falcon-4.0.2-cp312-cp312-manylinux_2_17_s390x.manylinux2014_s390x.whl", hash = "sha256:59bb4a29626c5e610c62620a1395755e8c7b5509385b80d3637fbc8a604d29a3", size = 12218712, upload-time = "2024-11-06T19:50:29.335Z" },
    { url = "https://files.pythonhosted.org/packages/8d/f8/704b73fc76cf283504aaacc2f466a08fd5d440cddd8d50b6d5c288f0293b/falcon-4.0.2-cp312-cp312-manylinux_2_17_x86_64.manylinux2014_x86_64.whl", hash = "sha256:f26c9ed2912ee48e2e1e7eca3e7e85ab664ff07bd321097a26e4ad6168059424", size = 11842131, upload-time = "2024-11-06T19:50:32.317Z" },
    { url = "https://files.pythonhosted.org/packages/f2/9a/53f9ee7ee8758972d92bb3dfb2225a9c382fbd12f684616cab9126420602/falcon-4.0.2-cp312-cp312-musllinux_1_2_aarch64.whl", hash = "sha256:0a12bbf3482b7ef1db0c6727c2ad8be5c3ac777d892e56a170e0b4b93651c915", size = 11346087, upload-time = "2024-11-06T19:50:34.743Z" },
    { url = "https://files.pythonhosted.org/packages/af/ac/8098957dd5b97ed16788104b7acb33c64689f7ab04e0c6b07d6561182950/falcon-4.0.2-cp312-cp312-musllinux_1_2_x86_64.whl", hash = "sha256:a601de7816138f17bf168262e0bceb128fdd1ea2f29ddae035585b5da9223a21", size = 11992383, upload-time = "2024-11-06T19:50:37.394Z" },
    { url = "https://files.pythonhosted.org/packages/7a/23/f8a74294b5b0cb5b9e3eb44ccea310a5d480ef95e938704827db0dd97f99/falcon-4.0.2-cp312-cp312-win_amd64.whl", hash = "sha256:eec3feda4a9cd773203401e3cf425728a13bf5055b22243b1452e9ad963634f5", size = 2077409, upload-time = "2024-11-06T19:50:40.396Z" },
    { url = "https://files.pythonhosted.org/packages/1f/34/71ef64406ac7f83c5726a37c9fcae0578bc9d650de09c32148aa6c58502f/falcon-4.0.2-cp313-cp313-macosx_10_13_x86_64.whl", hash = "sha256:110b172afe337fbae802f1402c89a5dfe6392f3b8ce4f2ecdfd5cee48f68b805", size = 2257265, upload-time = "2024-11-06T19:50:41.967Z" },
    { url = "https://files.pythonhosted.org/packages/b7/13/528d074e8a75a9236c9f060685e4cb813fbca774269afc89d31e821d8560/falcon-4.0.2-cp313-cp313-macosx_11_0_arm64.whl", hash = "sha256:b3a5db14cf2ef05f8f9630468c03939b86dc16115a5250a1870dac3dca1e04ba", size = 2151133, upload-time = "2024-11-06T19:50:44.614Z" },
    { url = "https://files.pythonhosted.org/packages/2f/70/8c7bf8bf941238a87debce72fcdc7b2301d6599271a392c8216ea2f5d91e/falcon-4.0.2-cp313-cp313-manylinux_2_17_aarch64.manylinux2014_aarch64.whl", hash = "sha256:14e0b4d41ce29c2b5c5b18021320e9e0977ba47ade46b67face52ee1325e2ea4", size = 11438997, upload-time = "2024-11-06T19:50:46.539Z" },
    { url = "https://files.pythonhosted.org/packages/fa/43/71e358d36ec4559737d63312d746fb5f8b0e64f1fe273cd6991e567a9225/falcon-4.0.2-cp313-cp313-manylinux_2_17_s390x.manylinux2014_s390x.whl", hash = "sha256:56af3b8838da2e19ae56b4e1bac168669ba257d6941f94933dc4f814fe721c08", size = 12015197, upload-time = "2024-11-06T19:50:49.557Z" },
    { url = "https://files.pythonhosted.org/packages/7a/70/c10acaa3486748f77d9b0e79aaa19d3023b760bb9b93389ac1883a52e366/falcon-4.0.2-cp313-cp313-manylinux_2_17_x86_64.manylinux2014_x86_64.whl", hash = "sha256:ec939d26dd77f57f08f3e13fb14b4e609c0baf073dc3f0c368f0e4cc10439528", size = 11653687, upload-time = "2024-11-06T19:50:52.091Z" },
    { url = "https://files.pythonhosted.org/packages/b7/3b/dfdd9bd9f6114a49a55298b12048f1b65d0813b82c28676b956c4444f707/falcon-4.0.2-cp313-cp313-musllinux_1_2_aarch64.whl", hash = "sha256:9bfd751dd898505e17152d7ecfcdc457c9d85bceed7e651a9915183bd4afc86b", size = 11165291, upload-time = "2024-11-06T19:50:54.459Z" },
    { url = "https://files.pythonhosted.org/packages/01/61/eb3d1d2076df85d5a7c2cd823ba5dbe0a928053a3102effb9006b2851377/falcon-4.0.2-cp313-cp313-musllinux_1_2_x86_64.whl", hash = "sha256:4b85f9c6f50a7465303290cb305404ea5c1ddeff6702179c1a8879c4693b0e5e", size = 11831049, upload-time = "2024-11-06T19:50:58.192Z" },
    { url = "https://files.pythonhosted.org/packages/bf/c7/268cddb1f84ebe5b402acdf116083658f3fb0dd38a75571e0ee703cef212/falcon-4.0.2-cp313-cp313-win_amd64.whl", hash = "sha256:a410e4023999a74ccf615fafa646b112044b987ef5901c8e5c5b79b163f2b3ba", size = 2052994, upload-time = "2024-11-06T19:51:01.138Z" },
    { url = "https://files.pythonhosted.org/packages/20/e2/ef821224a9ca9d4bb81d6e7ba60c6fbf3eae2e0dc10d806e6ff21b6dfdc5/falcon-4.0.2-py3-none-any.whl", hash = "sha256:077b2abf001940c6128c9b5872ae8147fe13f6ca333f928d8045d7601a5e847e", size = 318356, upload-time = "2024-11-06T19:21:18.29Z" },
]

[[package]]
name = "greenlet"
version = "3.2.3"
source = { registry = "https://pypi.org/simple" }
sdist = { url = "https://files.pythonhosted.org/packages/c9/92/bb85bd6e80148a4d2e0c59f7c0c2891029f8fd510183afc7d8d2feeed9b6/greenlet-3.2.3.tar.gz", hash = "sha256:8b0dd8ae4c0d6f5e54ee55ba935eeb3d735a9b58a8a1e5b5cbab64e01a39f365", size = 185752, upload-time = "2025-06-05T16:16:09.955Z" }
wheels = [
    { url = "https://files.pythonhosted.org/packages/f3/94/ad0d435f7c48debe960c53b8f60fb41c2026b1d0fa4a99a1cb17c3461e09/greenlet-3.2.3-cp312-cp312-macosx_11_0_universal2.whl", hash = "sha256:25ad29caed5783d4bd7a85c9251c651696164622494c00802a139c00d639242d", size = 271992, upload-time = "2025-06-05T16:11:23.467Z" },
    { url = "https://files.pythonhosted.org/packages/93/5d/7c27cf4d003d6e77749d299c7c8f5fd50b4f251647b5c2e97e1f20da0ab5/greenlet-3.2.3-cp312-cp312-manylinux2014_aarch64.manylinux_2_17_aarch64.whl", hash = "sha256:88cd97bf37fe24a6710ec6a3a7799f3f81d9cd33317dcf565ff9950c83f55e0b", size = 638820, upload-time = "2025-06-05T16:38:52.882Z" },
    { url = "https://files.pythonhosted.org/packages/c6/7e/807e1e9be07a125bb4c169144937910bf59b9d2f6d931578e57f0bce0ae2/greenlet-3.2.3-cp312-cp312-manylinux2014_ppc64le.manylinux_2_17_ppc64le.whl", hash = "sha256:baeedccca94880d2f5666b4fa16fc20ef50ba1ee353ee2d7092b383a243b0b0d", size = 653046, upload-time = "2025-06-05T16:41:36.343Z" },
    { url = "https://files.pythonhosted.org/packages/9d/ab/158c1a4ea1068bdbc78dba5a3de57e4c7aeb4e7fa034320ea94c688bfb61/greenlet-3.2.3-cp312-cp312-manylinux2014_s390x.manylinux_2_17_s390x.whl", hash = "sha256:be52af4b6292baecfa0f397f3edb3c6092ce071b499dd6fe292c9ac9f2c8f264", size = 647701, upload-time = "2025-06-05T16:48:19.604Z" },
    { url = "https://files.pythonhosted.org/packages/cc/0d/93729068259b550d6a0288da4ff72b86ed05626eaf1eb7c0d3466a2571de/greenlet-3.2.3-cp312-cp312-manylinux2014_x86_64.manylinux_2_17_x86_64.whl", hash = "sha256:0cc73378150b8b78b0c9fe2ce56e166695e67478550769536a6742dca3651688", size = 649747, upload-time = "2025-06-05T16:13:04.628Z" },
    { url = "https://files.pythonhosted.org/packages/f6/f6/c82ac1851c60851302d8581680573245c8fc300253fc1ff741ae74a6c24d/greenlet-3.2.3-cp312-cp312-manylinux_2_24_x86_64.manylinux_2_28_x86_64.whl", hash = "sha256:706d016a03e78df129f68c4c9b4c4f963f7d73534e48a24f5f5a7101ed13dbbb", size = 605461, upload-time = "2025-06-05T16:12:50.792Z" },
    { url = "https://files.pythonhosted.org/packages/98/82/d022cf25ca39cf1200650fc58c52af32c90f80479c25d1cbf57980ec3065/greenlet-3.2.3-cp312-cp312-musllinux_1_1_aarch64.whl", hash = "sha256:419e60f80709510c343c57b4bb5a339d8767bf9aef9b8ce43f4f143240f88b7c", size = 1121190, upload-time = "2025-06-05T16:36:48.59Z" },
    { url = "https://files.pythonhosted.org/packages/f5/e1/25297f70717abe8104c20ecf7af0a5b82d2f5a980eb1ac79f65654799f9f/greenlet-3.2.3-cp312-cp312-musllinux_1_1_x86_64.whl", hash = "sha256:93d48533fade144203816783373f27a97e4193177ebaaf0fc396db19e5d61163", size = 1149055, upload-time = "2025-06-05T16:12:40.457Z" },
    { url = "https://files.pythonhosted.org/packages/1f/8f/8f9e56c5e82eb2c26e8cde787962e66494312dc8cb261c460e1f3a9c88bc/greenlet-3.2.3-cp312-cp312-win_amd64.whl", hash = "sha256:7454d37c740bb27bdeddfc3f358f26956a07d5220818ceb467a483197d84f849", size = 297817, upload-time = "2025-06-05T16:29:49.244Z" },
    { url = "https://files.pythonhosted.org/packages/b1/cf/f5c0b23309070ae93de75c90d29300751a5aacefc0a3ed1b1d8edb28f08b/greenlet-3.2.3-cp313-cp313-macosx_11_0_universal2.whl", hash = "sha256:500b8689aa9dd1ab26872a34084503aeddefcb438e2e7317b89b11eaea1901ad", size = 270732, upload-time = "2025-06-05T16:10:08.26Z" },
    { url = "https://files.pythonhosted.org/packages/48/ae/91a957ba60482d3fecf9be49bc3948f341d706b52ddb9d83a70d42abd498/greenlet-3.2.3-cp313-cp313-manylinux2014_aarch64.manylinux_2_17_aarch64.whl", hash = "sha256:a07d3472c2a93117af3b0136f246b2833fdc0b542d4a9799ae5f41c28323faef", size = 639033, upload-time = "2025-06-05T16:38:53.983Z" },
    { url = "https://files.pythonhosted.org/packages/6f/df/20ffa66dd5a7a7beffa6451bdb7400d66251374ab40b99981478c69a67a8/greenlet-3.2.3-cp313-cp313-manylinux2014_ppc64le.manylinux_2_17_ppc64le.whl", hash = "sha256:8704b3768d2f51150626962f4b9a9e4a17d2e37c8a8d9867bbd9fa4eb938d3b3", size = 652999, upload-time = "2025-06-05T16:41:37.89Z" },
    { url = "https://files.pythonhosted.org/packages/51/b4/ebb2c8cb41e521f1d72bf0465f2f9a2fd803f674a88db228887e6847077e/greenlet-3.2.3-cp313-cp313-manylinux2014_s390x.manylinux_2_17_s390x.whl", hash = "sha256:5035d77a27b7c62db6cf41cf786cfe2242644a7a337a0e155c80960598baab95", size = 647368, upload-time = "2025-06-05T16:48:21.467Z" },
    { url = "https://files.pythonhosted.org/packages/8e/6a/1e1b5aa10dced4ae876a322155705257748108b7fd2e4fae3f2a091fe81a/greenlet-3.2.3-cp313-cp313-manylinux2014_x86_64.manylinux_2_17_x86_64.whl", hash = "sha256:2d8aa5423cd4a396792f6d4580f88bdc6efcb9205891c9d40d20f6e670992efb", size = 650037, upload-time = "2025-06-05T16:13:06.402Z" },
    { url = "https://files.pythonhosted.org/packages/26/f2/ad51331a157c7015c675702e2d5230c243695c788f8f75feba1af32b3617/greenlet-3.2.3-cp313-cp313-manylinux_2_24_x86_64.manylinux_2_28_x86_64.whl", hash = "sha256:2c724620a101f8170065d7dded3f962a2aea7a7dae133a009cada42847e04a7b", size = 608402, upload-time = "2025-06-05T16:12:51.91Z" },
    { url = "https://files.pythonhosted.org/packages/26/bc/862bd2083e6b3aff23300900a956f4ea9a4059de337f5c8734346b9b34fc/greenlet-3.2.3-cp313-cp313-musllinux_1_1_aarch64.whl", hash = "sha256:873abe55f134c48e1f2a6f53f7d1419192a3d1a4e873bace00499a4e45ea6af0", size = 1119577, upload-time = "2025-06-05T16:36:49.787Z" },
    { url = "https://files.pythonhosted.org/packages/86/94/1fc0cc068cfde885170e01de40a619b00eaa8f2916bf3541744730ffb4c3/greenlet-3.2.3-cp313-cp313-musllinux_1_1_x86_64.whl", hash = "sha256:024571bbce5f2c1cfff08bf3fbaa43bbc7444f580ae13b0099e95d0e6e67ed36", size = 1147121, upload-time = "2025-06-05T16:12:42.527Z" },
    { url = "https://files.pythonhosted.org/packages/27/1a/199f9587e8cb08a0658f9c30f3799244307614148ffe8b1e3aa22f324dea/greenlet-3.2.3-cp313-cp313-win_amd64.whl", hash = "sha256:5195fb1e75e592dd04ce79881c8a22becdfa3e6f500e7feb059b1e6fdd54d3e3", size = 297603, upload-time = "2025-06-05T16:20:12.651Z" },
    { url = "https://files.pythonhosted.org/packages/d8/ca/accd7aa5280eb92b70ed9e8f7fd79dc50a2c21d8c73b9a0856f5b564e222/greenlet-3.2.3-cp314-cp314-macosx_11_0_universal2.whl", hash = "sha256:3d04332dddb10b4a211b68111dabaee2e1a073663d117dc10247b5b1642bac86", size = 271479, upload-time = "2025-06-05T16:10:47.525Z" },
    { url = "https://files.pythonhosted.org/packages/55/71/01ed9895d9eb49223280ecc98a557585edfa56b3d0e965b9fa9f7f06b6d9/greenlet-3.2.3-cp314-cp314-manylinux2014_aarch64.manylinux_2_17_aarch64.whl", hash = "sha256:8186162dffde068a465deab08fc72c767196895c39db26ab1c17c0b77a6d8b97", size = 683952, upload-time = "2025-06-05T16:38:55.125Z" },
    { url = "https://files.pythonhosted.org/packages/ea/61/638c4bdf460c3c678a0a1ef4c200f347dff80719597e53b5edb2fb27ab54/greenlet-3.2.3-cp314-cp314-manylinux2014_ppc64le.manylinux_2_17_ppc64le.whl", hash = "sha256:f4bfbaa6096b1b7a200024784217defedf46a07c2eee1a498e94a1b5f8ec5728", size = 696917, upload-time = "2025-06-05T16:41:38.959Z" },
    { url = "https://files.pythonhosted.org/packages/22/cc/0bd1a7eb759d1f3e3cc2d1bc0f0b487ad3cc9f34d74da4b80f226fde4ec3/greenlet-3.2.3-cp314-cp314-manylinux2014_s390x.manylinux_2_17_s390x.whl", hash = "sha256:ed6cfa9200484d234d8394c70f5492f144b20d4533f69262d530a1a082f6ee9a", size = 692443, upload-time = "2025-06-05T16:48:23.113Z" },
    { url = "https://files.pythonhosted.org/packages/67/10/b2a4b63d3f08362662e89c103f7fe28894a51ae0bc890fabf37d1d780e52/greenlet-3.2.3-cp314-cp314-manylinux2014_x86_64.manylinux_2_17_x86_64.whl", hash = "sha256:02b0df6f63cd15012bed5401b47829cfd2e97052dc89da3cfaf2c779124eb892", size = 692995, upload-time = "2025-06-05T16:13:07.972Z" },
    { url = "https://files.pythonhosted.org/packages/5a/c6/ad82f148a4e3ce9564056453a71529732baf5448ad53fc323e37efe34f66/greenlet-3.2.3-cp314-cp314-manylinux_2_24_x86_64.manylinux_2_28_x86_64.whl", hash = "sha256:86c2d68e87107c1792e2e8d5399acec2487a4e993ab76c792408e59394d52141", size = 655320, upload-time = "2025-06-05T16:12:53.453Z" },
    { url = "https://files.pythonhosted.org/packages/5c/4f/aab73ecaa6b3086a4c89863d94cf26fa84cbff63f52ce9bc4342b3087a06/greenlet-3.2.3-cp314-cp314-win_amd64.whl", hash = "sha256:8c47aae8fbbfcf82cc13327ae802ba13c9c36753b67e760023fd116bc124a62a", size = 301236, upload-time = "2025-06-05T16:15:20.111Z" },
]

[[package]]
name = "h11"
version = "0.16.0"
source = { registry = "https://pypi.org/simple" }
sdist = { url = "https://files.pythonhosted.org/packages/01/ee/02a2c011bdab74c6fb3c75474d40b3052059d95df7e73351460c8588d963/h11-0.16.0.tar.gz", hash = "sha256:4e35b956cf45792e4caa5885e69fba00bdbc6ffafbfa020300e549b208ee5ff1", size = 101250, upload-time = "2025-04-24T03:35:25.427Z" }
wheels = [
    { url = "https://files.pythonhosted.org/packages/04/4b/29cac41a4d98d144bf5f6d33995617b185d14b22401f75ca86f384e87ff1/h11-0.16.0-py3-none-any.whl", hash = "sha256:63cf8bbe7522de3bf65932fda1d9c2772064ffb3dae62d55932da54b31cb6c86", size = 37515, upload-time = "2025-04-24T03:35:24.344Z" },
]

[[package]]
name = "isort"
version = "6.0.1"
source = { registry = "https://pypi.org/simple" }
sdist = { url = "https://files.pythonhosted.org/packages/b8/21/1e2a441f74a653a144224d7d21afe8f4169e6c7c20bb13aec3a2dc3815e0/isort-6.0.1.tar.gz", hash = "sha256:1cb5df28dfbc742e490c5e41bad6da41b805b0a8be7bc93cd0fb2a8a890ac450", size = 821955, upload-time = "2025-02-26T21:13:16.955Z" }
wheels = [
    { url = "https://files.pythonhosted.org/packages/c1/11/114d0a5f4dabbdcedc1125dee0888514c3c3b16d3e9facad87ed96fad97c/isort-6.0.1-py3-none-any.whl", hash = "sha256:2dc5d7f65c9678d94c88dfc29161a320eec67328bc97aad576874cb4be1e9615", size = 94186, upload-time = "2025-02-26T21:13:14.911Z" },
]

[[package]]
name = "mccabe"
version = "0.7.0"
source = { registry = "https://pypi.org/simple" }
sdist = { url = "https://files.pythonhosted.org/packages/e7/ff/0ffefdcac38932a54d2b5eed4e0ba8a408f215002cd178ad1df0f2806ff8/mccabe-0.7.0.tar.gz", hash = "sha256:348e0240c33b60bbdf4e523192ef919f28cb2c3d7d5c7794f74009290f236325", size = 9658, upload-time = "2022-01-24T01:14:51.113Z" }
wheels = [
    { url = "https://files.pythonhosted.org/packages/27/1a/1f68f9ba0c207934b35b86a8ca3aad8395a3d6dd7921c0686e23853ff5a9/mccabe-0.7.0-py2.py3-none-any.whl", hash = "sha256:6c2d30ab6be0e4a46919781807b4f0d834ebdd6c6e3dca0bda5a15f863427b6e", size = 7350, upload-time = "2022-01-24T01:14:49.62Z" },
]

[[package]]
name = "platformdirs"
version = "4.3.8"
source = { registry = "https://pypi.org/simple" }
sdist = { url = "https://files.pythonhosted.org/packages/fe/8b/3c73abc9c759ecd3f1f7ceff6685840859e8070c4d947c93fae71f6a0bf2/platformdirs-4.3.8.tar.gz", hash = "sha256:3d512d96e16bcb959a814c9f348431070822a6496326a4be0911c40b5a74c2bc", size = 21362, upload-time = "2025-05-07T22:47:42.121Z" }
wheels = [
    { url = "https://files.pythonhosted.org/packages/fe/39/979e8e21520d4e47a0bbe349e2713c0aac6f3d853d0e5b34d76206c439aa/platformdirs-4.3.8-py3-none-any.whl", hash = "sha256:ff7059bb7eb1179e2685604f4aaf157cfd9535242bd23742eadc3c13542139b4", size = 18567, upload-time = "2025-05-07T22:47:40.376Z" },
]

[[package]]
name = "pylint"
version = "3.3.7"
source = { registry = "https://pypi.org/simple" }
dependencies = [
    { name = "astroid" },
    { name = "colorama", marker = "sys_platform == 'win32'" },
    { name = "dill" },
    { name = "isort" },
    { name = "mccabe" },
    { name = "platformdirs" },
    { name = "tomlkit" },
]
sdist = { url = "https://files.pythonhosted.org/packages/1c/e4/83e487d3ddd64ab27749b66137b26dc0c5b5c161be680e6beffdc99070b3/pylint-3.3.7.tar.gz", hash = "sha256:2b11de8bde49f9c5059452e0c310c079c746a0a8eeaa789e5aa966ecc23e4559", size = 1520709, upload-time = "2025-05-04T17:07:51.089Z" }
wheels = [
    { url = "https://files.pythonhosted.org/packages/e8/83/bff755d09e31b5d25cc7fdc4bf3915d1a404e181f1abf0359af376845c24/pylint-3.3.7-py3-none-any.whl", hash = "sha256:43860aafefce92fca4cf6b61fe199cdc5ae54ea28f9bf4cd49de267b5195803d", size = 522565, upload-time = "2025-05-04T17:07:48.714Z" },
]

[[package]]
name = "ruff"
version = "0.12.1"
source = { registry = "https://pypi.org/simple" }
sdist = { url = "https://files.pythonhosted.org/packages/97/38/796a101608a90494440856ccfb52b1edae90de0b817e76bfade66b12d320/ruff-0.12.1.tar.gz", hash = "sha256:806bbc17f1104fd57451a98a58df35388ee3ab422e029e8f5cf30aa4af2c138c", size = 4413426, upload-time = "2025-06-26T20:34:14.784Z" }
wheels = [
    { url = "https://files.pythonhosted.org/packages/06/bf/3dba52c1d12ab5e78d75bd78ad52fb85a6a1f29cc447c2423037b82bed0d/ruff-0.12.1-py3-none-linux_armv6l.whl", hash = "sha256:6013a46d865111e2edb71ad692fbb8262e6c172587a57c0669332a449384a36b", size = 10305649, upload-time = "2025-06-26T20:33:39.242Z" },
    { url = "https://files.pythonhosted.org/packages/8c/65/dab1ba90269bc8c81ce1d499a6517e28fe6f87b2119ec449257d0983cceb/ruff-0.12.1-py3-none-macosx_10_12_x86_64.whl", hash = "sha256:b3f75a19e03a4b0757d1412edb7f27cffb0c700365e9d6b60bc1b68d35bc89e0", size = 11120201, upload-time = "2025-06-26T20:33:42.207Z" },
    { url = "https://files.pythonhosted.org/packages/3f/3e/2d819ffda01defe857fa2dd4cba4d19109713df4034cc36f06bbf582d62a/ruff-0.12.1-py3-none-macosx_11_0_arm64.whl", hash = "sha256:9a256522893cb7e92bb1e1153283927f842dea2e48619c803243dccc8437b8be", size = 10466769, upload-time = "2025-06-26T20:33:44.102Z" },
    { url = "https://files.pythonhosted.org/packages/63/37/bde4cf84dbd7821c8de56ec4ccc2816bce8125684f7b9e22fe4ad92364de/ruff-0.12.1-py3-none-manylinux_2_17_aarch64.manylinux2014_aarch64.whl", hash = "sha256:069052605fe74c765a5b4272eb89880e0ff7a31e6c0dbf8767203c1fbd31c7ff", size = 10660902, upload-time = "2025-06-26T20:33:45.98Z" },
    { url = "https://files.pythonhosted.org/packages/0e/3a/390782a9ed1358c95e78ccc745eed1a9d657a537e5c4c4812fce06c8d1a0/ruff-0.12.1-py3-none-manylinux_2_17_armv7l.manylinux2014_armv7l.whl", hash = "sha256:a684f125a4fec2d5a6501a466be3841113ba6847827be4573fddf8308b83477d", size = 10167002, upload-time = "2025-06-26T20:33:47.81Z" },
    { url = "https://files.pythonhosted.org/packages/6d/05/f2d4c965009634830e97ffe733201ec59e4addc5b1c0efa035645baa9e5f/ruff-0.12.1-py3-none-manylinux_2_17_i686.manylinux2014_i686.whl", hash = "sha256:bdecdef753bf1e95797593007569d8e1697a54fca843d78f6862f7dc279e23bd", size = 11751522, upload-time = "2025-06-26T20:33:49.857Z" },
    { url = "https://files.pythonhosted.org/packages/35/4e/4bfc519b5fcd462233f82fc20ef8b1e5ecce476c283b355af92c0935d5d9/ruff-0.12.1-py3-none-manylinux_2_17_ppc64.manylinux2014_ppc64.whl", hash = "sha256:70d52a058c0e7b88b602f575d23596e89bd7d8196437a4148381a3f73fcd5010", size = 12520264, upload-time = "2025-06-26T20:33:52.199Z" },
    { url = "https://files.pythonhosted.org/packages/85/b2/7756a6925da236b3a31f234b4167397c3e5f91edb861028a631546bad719/ruff-0.12.1-py3-none-manylinux_2_17_ppc64le.manylinux2014_ppc64le.whl", hash = "sha256:84d0a69d1e8d716dfeab22d8d5e7c786b73f2106429a933cee51d7b09f861d4e", size = 12133882, upload-time = "2025-06-26T20:33:54.231Z" },
    { url = "https://files.pythonhosted.org/packages/dd/00/40da9c66d4a4d51291e619be6757fa65c91b92456ff4f01101593f3a1170/ruff-0.12.1-py3-none-manylinux_2_17_s390x.manylinux2014_s390x.whl", hash = "sha256:6cc32e863adcf9e71690248607ccdf25252eeeab5193768e6873b901fd441fed", size = 11608941, upload-time = "2025-06-26T20:33:56.202Z" },
    { url = "https://files.pythonhosted.org/packages/91/e7/f898391cc026a77fbe68dfea5940f8213622474cb848eb30215538a2dadf/ruff-0.12.1-py3-none-manylinux_2_17_x86_64.manylinux2014_x86_64.whl", hash = "sha256:7fd49a4619f90d5afc65cf42e07b6ae98bb454fd5029d03b306bd9e2273d44cc", size = 11602887, upload-time = "2025-06-26T20:33:58.47Z" },
    { url = "https://files.pythonhosted.org/packages/f6/02/0891872fc6aab8678084f4cf8826f85c5d2d24aa9114092139a38123f94b/ruff-0.12.1-py3-none-musllinux_1_2_aarch64.whl", hash = "sha256:ed5af6aaaea20710e77698e2055b9ff9b3494891e1b24d26c07055459bb717e9", size = 10521742, upload-time = "2025-06-26T20:34:00.465Z" },
    { url = "https://files.pythonhosted.org/packages/2a/98/d6534322c74a7d47b0f33b036b2498ccac99d8d8c40edadb552c038cecf1/ruff-0.12.1-py3-none-musllinux_1_2_armv7l.whl", hash = "sha256:801d626de15e6bf988fbe7ce59b303a914ff9c616d5866f8c79eb5012720ae13", size = 10149909, upload-time = "2025-06-26T20:34:02.603Z" },
    { url = "https://files.pythonhosted.org/packages/34/5c/9b7ba8c19a31e2b6bd5e31aa1e65b533208a30512f118805371dbbbdf6a9/ruff-0.12.1-py3-none-musllinux_1_2_i686.whl", hash = "sha256:2be9d32a147f98a1972c1e4df9a6956d612ca5f5578536814372113d09a27a6c", size = 11136005, upload-time = "2025-06-26T20:34:04.723Z" },
    { url = "https://files.pythonhosted.org/packages/dc/34/9bbefa4d0ff2c000e4e533f591499f6b834346025e11da97f4ded21cb23e/ruff-0.12.1-py3-none-musllinux_1_2_x86_64.whl", hash = "sha256:49b7ce354eed2a322fbaea80168c902de9504e6e174fd501e9447cad0232f9e6", size = 11648579, upload-time = "2025-06-26T20:34:06.766Z" },
    { url = "https://files.pythonhosted.org/packages/6f/1c/20cdb593783f8f411839ce749ec9ae9e4298c2b2079b40295c3e6e2089e1/ruff-0.12.1-py3-none-win32.whl", hash = "sha256:d973fa626d4c8267848755bd0414211a456e99e125dcab147f24daa9e991a245", size = 10519495, upload-time = "2025-06-26T20:34:08.718Z" },
    { url = "https://files.pythonhosted.org/packages/cf/56/7158bd8d3cf16394928f47c637d39a7d532268cd45220bdb6cd622985760/ruff-0.12.1-py3-none-win_amd64.whl", hash = "sha256:9e1123b1c033f77bd2590e4c1fe7e8ea72ef990a85d2484351d408224d603013", size = 11547485, upload-time = "2025-06-26T20:34:11.008Z" },
    { url = "https://files.pythonhosted.org/packages/91/d0/6902c0d017259439d6fd2fd9393cea1cfe30169940118b007d5e0ea7e954/ruff-0.12.1-py3-none-win_arm64.whl", hash = "sha256:78ad09a022c64c13cc6077707f036bab0fac8cd7088772dcd1e5be21c5002efc", size = 10691209, upload-time = "2025-06-26T20:34:12.928Z" },
]

[[package]]
name = "sqlalchemy"
version = "2.0.41"
source = { registry = "https://pypi.org/simple" }
dependencies = [
    { name = "greenlet", marker = "(python_full_version < '3.14' and platform_machine == 'AMD64') or (python_full_version < '3.14' and platform_machine == 'WIN32') or (python_full_version < '3.14' and platform_machine == 'aarch64') or (python_full_version < '3.14' and platform_machine == 'amd64') or (python_full_version < '3.14' and platform_machine == 'ppc64le') or (python_full_version < '3.14' and platform_machine == 'win32') or (python_full_version < '3.14' and platform_machine == 'x86_64')" },
    { name = "typing-extensions" },
]
sdist = { url = "https://files.pythonhosted.org/packages/63/66/45b165c595ec89aa7dcc2c1cd222ab269bc753f1fc7a1e68f8481bd957bf/sqlalchemy-2.0.41.tar.gz", hash = "sha256:edba70118c4be3c2b1f90754d308d0b79c6fe2c0fdc52d8ddf603916f83f4db9", size = 9689424, upload-time = "2025-05-14T17:10:32.339Z" }
wheels = [
    { url = "https://files.pythonhosted.org/packages/3e/2a/f1f4e068b371154740dd10fb81afb5240d5af4aa0087b88d8b308b5429c2/sqlalchemy-2.0.41-cp312-cp312-macosx_10_13_x86_64.whl", hash = "sha256:81f413674d85cfd0dfcd6512e10e0f33c19c21860342a4890c3a2b59479929f9", size = 2119645, upload-time = "2025-05-14T17:55:24.854Z" },
    { url = "https://files.pythonhosted.org/packages/9b/e8/c664a7e73d36fbfc4730f8cf2bf930444ea87270f2825efbe17bf808b998/sqlalchemy-2.0.41-cp312-cp312-macosx_11_0_arm64.whl", hash = "sha256:598d9ebc1e796431bbd068e41e4de4dc34312b7aa3292571bb3674a0cb415dd1", size = 2107399, upload-time = "2025-05-14T17:55:28.097Z" },
    { url = "https://files.pythonhosted.org/packages/5c/78/8a9cf6c5e7135540cb682128d091d6afa1b9e48bd049b0d691bf54114f70/sqlalchemy-2.0.41-cp312-cp312-manylinux_2_17_aarch64.manylinux2014_aarch64.whl", hash = "sha256:a104c5694dfd2d864a6f91b0956eb5d5883234119cb40010115fd45a16da5e70", size = 3293269, upload-time = "2025-05-14T17:50:38.227Z" },
    { url = "https://files.pythonhosted.org/packages/3c/35/f74add3978c20de6323fb11cb5162702670cc7a9420033befb43d8d5b7a4/sqlalchemy-2.0.41-cp312-cp312-manylinux_2_17_x86_64.manylinux2014_x86_64.whl", hash = "sha256:6145afea51ff0af7f2564a05fa95eb46f542919e6523729663a5d285ecb3cf5e", size = 3303364, upload-time = "2025-05-14T17:51:49.829Z" },
    { url = "https://files.pythonhosted.org/packages/6a/d4/c990f37f52c3f7748ebe98883e2a0f7d038108c2c5a82468d1ff3eec50b7/sqlalchemy-2.0.41-cp312-cp312-musllinux_1_2_aarch64.whl", hash = "sha256:b46fa6eae1cd1c20e6e6f44e19984d438b6b2d8616d21d783d150df714f44078", size = 3229072, upload-time = "2025-05-14T17:50:39.774Z" },
    { url = "https://files.pythonhosted.org/packages/15/69/cab11fecc7eb64bc561011be2bd03d065b762d87add52a4ca0aca2e12904/sqlalchemy-2.0.41-cp312-cp312-musllinux_1_2_x86_64.whl", hash = "sha256:41836fe661cc98abfae476e14ba1906220f92c4e528771a8a3ae6a151242d2ae", size = 3268074, upload-time = "2025-05-14T17:51:51.736Z" },
    { url = "https://files.pythonhosted.org/packages/5c/ca/0c19ec16858585d37767b167fc9602593f98998a68a798450558239fb04a/sqlalchemy-2.0.41-cp312-cp312-win32.whl", hash = "sha256:a8808d5cf866c781150d36a3c8eb3adccfa41a8105d031bf27e92c251e3969d6", size = 2084514, upload-time = "2025-05-14T17:55:49.915Z" },
    { url = "https://files.pythonhosted.org/packages/7f/23/4c2833d78ff3010a4e17f984c734f52b531a8c9060a50429c9d4b0211be6/sqlalchemy-2.0.41-cp312-cp312-win_amd64.whl", hash = "sha256:5b14e97886199c1f52c14629c11d90c11fbb09e9334fa7bb5f6d068d9ced0ce0", size = 2111557, upload-time = "2025-05-14T17:55:51.349Z" },
    { url = "https://files.pythonhosted.org/packages/d3/ad/2e1c6d4f235a97eeef52d0200d8ddda16f6c4dd70ae5ad88c46963440480/sqlalchemy-2.0.41-cp313-cp313-macosx_10_13_x86_64.whl", hash = "sha256:4eeb195cdedaf17aab6b247894ff2734dcead6c08f748e617bfe05bd5a218443", size = 2115491, upload-time = "2025-05-14T17:55:31.177Z" },
    { url = "https://files.pythonhosted.org/packages/cf/8d/be490e5db8400dacc89056f78a52d44b04fbf75e8439569d5b879623a53b/sqlalchemy-2.0.41-cp313-cp313-macosx_11_0_arm64.whl", hash = "sha256:d4ae769b9c1c7757e4ccce94b0641bc203bbdf43ba7a2413ab2523d8d047d8dc", size = 2102827, upload-time = "2025-05-14T17:55:34.921Z" },
    { url = "https://files.pythonhosted.org/packages/a0/72/c97ad430f0b0e78efaf2791342e13ffeafcbb3c06242f01a3bb8fe44f65d/sqlalchemy-2.0.41-cp313-cp313-manylinux_2_17_aarch64.manylinux2014_aarch64.whl", hash = "sha256:a62448526dd9ed3e3beedc93df9bb6b55a436ed1474db31a2af13b313a70a7e1", size = 3225224, upload-time = "2025-05-14T17:50:41.418Z" },
    { url = "https://files.pythonhosted.org/packages/5e/51/5ba9ea3246ea068630acf35a6ba0d181e99f1af1afd17e159eac7e8bc2b8/sqlalchemy-2.0.41-cp313-cp313-manylinux_2_17_x86_64.manylinux2014_x86_64.whl", hash = "sha256:dc56c9788617b8964ad02e8fcfeed4001c1f8ba91a9e1f31483c0dffb207002a", size = 3230045, upload-time = "2025-05-14T17:51:54.722Z" },
    { url = "https://files.pythonhosted.org/packages/78/2f/8c14443b2acea700c62f9b4a8bad9e49fc1b65cfb260edead71fd38e9f19/sqlalchemy-2.0.41-cp313-cp313-musllinux_1_2_aarch64.whl", hash = "sha256:c153265408d18de4cc5ded1941dcd8315894572cddd3c58df5d5b5705b3fa28d", size = 3159357, upload-time = "2025-05-14T17:50:43.483Z" },
    { url = "https://files.pythonhosted.org/packages/fc/b2/43eacbf6ccc5276d76cea18cb7c3d73e294d6fb21f9ff8b4eef9b42bbfd5/sqlalchemy-2.0.41-cp313-cp313-musllinux_1_2_x86_64.whl", hash = "sha256:4f67766965996e63bb46cfbf2ce5355fc32d9dd3b8ad7e536a920ff9ee422e23", size = 3197511, upload-time = "2025-05-14T17:51:57.308Z" },
    { url = "https://files.pythonhosted.org/packages/fa/2e/677c17c5d6a004c3c45334ab1dbe7b7deb834430b282b8a0f75ae220c8eb/sqlalchemy-2.0.41-cp313-cp313-win32.whl", hash = "sha256:bfc9064f6658a3d1cadeaa0ba07570b83ce6801a1314985bf98ec9b95d74e15f", size = 2082420, upload-time = "2025-05-14T17:55:52.69Z" },
    { url = "https://files.pythonhosted.org/packages/e9/61/e8c1b9b6307c57157d328dd8b8348ddc4c47ffdf1279365a13b2b98b8049/sqlalchemy-2.0.41-cp313-cp313-win_amd64.whl", hash = "sha256:82ca366a844eb551daff9d2e6e7a9e5e76d2612c8564f58db6c19a726869c1df", size = 2108329, upload-time = "2025-05-14T17:55:54.495Z" },
    { url = "https://files.pythonhosted.org/packages/1c/fc/9ba22f01b5cdacc8f5ed0d22304718d2c758fce3fd49a5372b886a86f37c/sqlalchemy-2.0.41-py3-none-any.whl", hash = "sha256:57df5dc6fdb5ed1a88a1ed2195fd31927e705cad62dedd86b46972752a80f576", size = 1911224, upload-time = "2025-05-14T17:39:42.154Z" },
]

[package.optional-dependencies]
asyncio = [
    { name = "greenlet" },
]

[[package]]
name = "tomlkit"
version = "0.13.3"
source = { registry = "https://pypi.org/simple" }
sdist = { url = "https://files.pythonhosted.org/packages/cc/18/0bbf3884e9eaa38819ebe46a7bd25dcd56b67434402b66a58c4b8e552575/tomlkit-0.13.3.tar.gz", hash = "sha256:430cf247ee57df2b94ee3fbe588e71d362a941ebb545dec29b53961d61add2a1", size = 185207, upload-time = "2025-06-05T07:13:44.947Z" }
wheels = [
    { url = "https://files.pythonhosted.org/packages/bd/75/8539d011f6be8e29f339c42e633aae3cb73bffa95dd0f9adec09b9c58e85/tomlkit-0.13.3-py3-none-any.whl", hash = "sha256:c89c649d79ee40629a9fda55f8ace8c6a1b42deb912b2a8fd8d942ddadb606b0", size = 38901, upload-time = "2025-06-05T07:13:43.546Z" },
]

[[package]]
name = "typing-extensions"
version = "4.14.0"
source = { registry = "https://pypi.org/simple" }
sdist = { url = "https://files.pythonhosted.org/packages/d1/bc/51647cd02527e87d05cb083ccc402f93e441606ff1f01739a62c8ad09ba5/typing_extensions-4.14.0.tar.gz", hash = "sha256:8676b788e32f02ab42d9e7c61324048ae4c6d844a399eebace3d4979d75ceef4", size = 107423, upload-time = "2025-06-02T14:52:11.399Z" }
wheels = [
    { url = "https://files.pythonhosted.org/packages/69/e0/552843e0d356fbb5256d21449fa957fa4eff3bbc135a74a691ee70c7c5da/typing_extensions-4.14.0-py3-none-any.whl", hash = "sha256:a1514509136dd0b477638fc68d6a91497af5076466ad0fa6c338e44e359944af", size = 43839, upload-time = "2025-06-02T14:52:10.026Z" },
]

[[package]]
name = "uvicorn"
version = "0.35.0"
source = { registry = "https://pypi.org/simple" }
dependencies = [
    { name = "click" },
    { name = "h11" },
]
sdist = { url = "https://files.pythonhosted.org/packages/5e/42/e0e305207bb88c6b8d3061399c6a961ffe5fbb7e2aa63c9234df7259e9cd/uvicorn-0.35.0.tar.gz", hash = "sha256:bc662f087f7cf2ce11a1d7fd70b90c9f98ef2e2831556dd078d131b96cc94a01", size = 78473, upload-time = "2025-06-28T16:15:46.058Z" }
wheels = [
    { url = "https://files.pythonhosted.org/packages/d2/e2/dc81b1bd1dcfe91735810265e9d26bc8ec5da45b4c0f6237e286819194c3/uvicorn-0.35.0-py3-none-any.whl", hash = "sha256:197535216b25ff9b785e29a0b79199f55222193d47f820816e7da751e9bc8d4a", size = 66406, upload-time = "2025-06-28T16:15:44.816Z" },
]
